{
  "name": "watcher",
  "version": "1.0.0",
  "lockfileVersion": 1,
  "requires": true,
  "dependencies": {
    "count-lines-in-file": {
      "version": "1.1.0",
      "resolved": "https://registry.npmjs.org/count-lines-in-file/-/count-lines-in-file-1.1.0.tgz",
      "integrity": "sha1-//HH9Oyrnnl0RYlZeC12MTt0+xU=",
      "requires": {
        "split": "1.0.1"
      }
    },
    "nodemailer": {
      "version": "4.6.0",
      "resolved": "https://registry.npmjs.org/nodemailer/-/nodemailer-4.6.0.tgz",
      "integrity": "sha512-yYTtNAmukmu0qI/zAYGggOvOdMgwacp4jmvCyXrGao/84Elz+2lDGOhVg6bkvOhkRK/hnun3XoJ+AV7w8x4wbQ=="
    },
    "split": {
      "version": "1.0.1",
      "resolved": "https://registry.npmjs.org/split/-/split-1.0.1.tgz",
      "integrity": "sha512-mTyOoPbrivtXnwnIxZRFYRrPNtEFKlpB2fvjSnCQUiAA6qAZzqwna5envK4uk6OIeP17CsdF3rSBGYVBsU0Tkg==",
      "requires": {
        "through": "2.3.8"
      }
    },
    "through": {
      "version": "2.3.8",
      "resolved": "https://registry.npmjs.org/through/-/through-2.3.8.tgz",
      "integrity": "sha1-DdTJ/6q8NXlgsbckEV1+Doai4fU="
    }
  }
}
